
Microsoft Visual Studio Solution File, Format Version 12.00
# Visual Studio Version 17
VisualStudioVersion = 17.8.34511.84
MinimumVisualStudioVersion = 10.0.40219.1
Project("{FAE04EC0-301F-11D3-BF4B-00C04F79EFBC}") = "FrigoIntelligent", "FrigoIntelligent\FrigoIntelligent.csproj", "{20CCA7FC-A5E6-4CE2-BD04-DF193B60C3B7}"
EndProject
Global
	GlobalSection(SolutionConfigurationPlatforms) = preSolution
		Debug|Any CPU = Debug|Any CPU
		Release|Any CPU = Release|Any CPU
	EndGlobalSection
	GlobalSection(ProjectConfigurationPlatforms) = postSolution
		{20CCA7FC-A5E6-4CE2-BD04-DF193B60C3B7}.Debug|Any CPU.ActiveCfg = Debug|Any CPU
		{20CCA7FC-A5E6-4CE2-BD04-DF193B60C3B7}.Debug|Any CPU.Build.0 = Debug|Any CPU
		{20CCA7FC-A5E6-4CE2-BD04-DF193B60C3B7}.Release|Any CPU.ActiveCfg = Release|Any CPU
		{20CCA7FC-A5E6-4CE2-BD04-DF193B60C3B7}.Release|Any CPU.Build.0 = Release|Any CPU
	EndGlobalSection
	GlobalSection(SolutionProperties) = preSolution
		HideSolutionNode = FALSE
	EndGlobalSection
	GlobalSection(ExtensibilityGlobals) = postSolution
		SolutionGuid = {AFAF9017-495A-4597-B00A-8F8084BAEB90}
	EndGlobalSection
EndGlobal
